
Microsoft Visual Studio Solution File, Format Version 12.00
# Visual Studio Version 17
VisualStudioVersion = 17.2.32616.157
MinimumVisualStudioVersion = 10.0.40219.1
Project("{9A19103F-16F7-4668-BE54-9A1E7A4F7556}") = "PocEf", "PocEf.csproj", "{56CE1415-5213-41FB-B8E7-CDD9F843AB32}"
EndProject
Global
	GlobalSection(SolutionConfigurationPlatforms) = preSolution
		Debug|Any CPU = Debug|Any CPU
		Release|Any CPU = Release|Any CPU
	EndGlobalSection
	GlobalSection(ProjectConfigurationPlatforms) = postSolution
		{56CE1415-5213-41FB-B8E7-CDD9F843AB32}.Debug|Any CPU.ActiveCfg = Debug|Any CPU
		{56CE1415-5213-41FB-B8E7-CDD9F843AB32}.Debug|Any CPU.Build.0 = Debug|Any CPU
		{56CE1415-5213-41FB-B8E7-CDD9F843AB32}.Release|Any CPU.ActiveCfg = Release|Any CPU
		{56CE1415-5213-41FB-B8E7-CDD9F843AB32}.Release|Any CPU.Build.0 = Release|Any CPU
	EndGlobalSection
	GlobalSection(SolutionProperties) = preSolution
		HideSolutionNode = FALSE
	EndGlobalSection
	GlobalSection(ExtensibilityGlobals) = postSolution
		SolutionGuid = {D377BE4C-8AF5-4BAC-9F46-09A5003FA5D0}
	EndGlobalSection
EndGlobal
